
Microsoft Visual Studio Solution File, Format Version 12.00
# Visual Studio 15
VisualStudioVersion = 15.0.27703.2035
MinimumVisualStudioVersion = 10.0.40219.1
Project("{2150E333-8FDC-42A3-9474-1A3956D46DE8}") = "Core", "Core", "{20D06291-4318-4C10-B0DD-4405976BE505}"
EndProject
Project("{FAE04EC0-301F-11D3-BF4B-00C04F79EFBC}") = "Gaea", "Gaea\Gaea.csproj", "{AB96609A-9487-40E1-BB80-653A8E856DFB}"
EndProject
Project("{FAE04EC0-301F-11D3-BF4B-00C04F79EFBC}") = "Gaea.MySql", "Gaea.MySql\Gaea.MySql.csproj", "{2A1A593A-5C4D-47E1-8287-3DC6FC232C45}"
EndProject
Project("{2150E333-8FDC-42A3-9474-1A3956D46DE8}") = "Service", "Service", "{D1DEBE82-37D3-45C6-ABD9-2D5FA3168880}"
EndProject
Project("{9A19103F-16F7-4668-BE54-9A1E7A4F7556}") = "WD.Common", "WD.Common\WD.Common.csproj", "{0AEB2FD6-7BB6-484C-A6BC-4A8C7824DFAD}"
EndProject
Project("{9A19103F-16F7-4668-BE54-9A1E7A4F7556}") = "WD.SQL", "WD.SQL\WD.SQL.csproj", "{7D1B22FA-FE63-43F3-B63C-F8C7BEA0642E}"
EndProject
Project("{9A19103F-16F7-4668-BE54-9A1E7A4F7556}") = "WD.API", "WD.API\WD.API.csproj", "{2198D663-0C88-47FB-801C-1BBC6BD6085D}"
EndProject
Project("{2150E333-8FDC-42A3-9474-1A3956D46DE8}") = "WD.Watch", "WD.Watch", "{743F5167-45CD-40B1-8E2A-3F12E3118B5C}"
EndProject
Project("{FAE04EC0-301F-11D3-BF4B-00C04F79EFBC}") = "Nereus", "Nereus\Nereus.csproj", "{2F3B9547-F1BC-4ED9-881B-BDF5D846B7EB}"
EndProject
Project("{9A19103F-16F7-4668-BE54-9A1E7A4F7556}") = "Zeus", "Zeus\Zeus.csproj", "{9BF6031D-93BF-4801-965F-4B0A5ED94014}"
EndProject
Project("{2150E333-8FDC-42A3-9474-1A3956D46DE8}") = "MassTransit", "MassTransit", "{9316909A-F8CC-4CB6-82DD-B02D1A8865E9}"
EndProject
Project("{2150E333-8FDC-42A3-9474-1A3956D46DE8}") = "AppMetrics", "AppMetrics", "{CE6D5A81-1ACC-4CB3-821E-37473EA16C1A}"
EndProject
Project("{9A19103F-16F7-4668-BE54-9A1E7A4F7556}") = "AppMetricsTest", "AppMetricsTest\AppMetricsTest.csproj", "{850D327D-0A6E-4217-957F-F6AEEDECDB8B}"
EndProject
Project("{2150E333-8FDC-42A3-9474-1A3956D46DE8}") = "Redis", "Redis", "{DD15069E-AE87-47A0-86DF-0A4A0056E90A}"
EndProject
Project("{2150E333-8FDC-42A3-9474-1A3956D46DE8}") = "Privilege", "Privilege", "{56178A4F-6C48-4E14-85AE-89A43B648A88}"
EndProject
Project("{2150E333-8FDC-42A3-9474-1A3956D46DE8}") = "Dapper.Dotnet", "Dapper.Dotnet", "{CF6A75A2-992B-4671-93CF-1BD09485A863}"
EndProject
Project("{FAE04EC0-301F-11D3-BF4B-00C04F79EFBC}") = "DapperForDotnet", "DapperForDotnet\DapperForDotnet.csproj", "{FE967A34-6921-451D-8C70-C8E8CC8D8FA5}"
EndProject
Project("{9A19103F-16F7-4668-BE54-9A1E7A4F7556}") = "PrivilegeManagement", "PrivilegeManagement\PrivilegeManagement.csproj", "{1108B956-2152-4812-A2D4-2502BDA797EB}"
EndProject
Global
	GlobalSection(SolutionConfigurationPlatforms) = preSolution
		Debug|Any CPU = Debug|Any CPU
		Release|Any CPU = Release|Any CPU
	EndGlobalSection
	GlobalSection(ProjectConfigurationPlatforms) = postSolution
		{AB96609A-9487-40E1-BB80-653A8E856DFB}.Debug|Any CPU.ActiveCfg = Debug|Any CPU
		{AB96609A-9487-40E1-BB80-653A8E856DFB}.Debug|Any CPU.Build.0 = Debug|Any CPU
		{AB96609A-9487-40E1-BB80-653A8E856DFB}.Release|Any CPU.ActiveCfg = Release|Any CPU
		{AB96609A-9487-40E1-BB80-653A8E856DFB}.Release|Any CPU.Build.0 = Release|Any CPU
		{2A1A593A-5C4D-47E1-8287-3DC6FC232C45}.Debug|Any CPU.ActiveCfg = Debug|Any CPU
		{2A1A593A-5C4D-47E1-8287-3DC6FC232C45}.Debug|Any CPU.Build.0 = Debug|Any CPU
		{2A1A593A-5C4D-47E1-8287-3DC6FC232C45}.Release|Any CPU.ActiveCfg = Release|Any CPU
		{2A1A593A-5C4D-47E1-8287-3DC6FC232C45}.Release|Any CPU.Build.0 = Release|Any CPU
		{0AEB2FD6-7BB6-484C-A6BC-4A8C7824DFAD}.Debug|Any CPU.ActiveCfg = Debug|Any CPU
		{0AEB2FD6-7BB6-484C-A6BC-4A8C7824DFAD}.Debug|Any CPU.Build.0 = Debug|Any CPU
		{0AEB2FD6-7BB6-484C-A6BC-4A8C7824DFAD}.Release|Any CPU.ActiveCfg = Release|Any CPU
		{0AEB2FD6-7BB6-484C-A6BC-4A8C7824DFAD}.Release|Any CPU.Build.0 = Release|Any CPU
		{7D1B22FA-FE63-43F3-B63C-F8C7BEA0642E}.Debug|Any CPU.ActiveCfg = Debug|Any CPU
		{7D1B22FA-FE63-43F3-B63C-F8C7BEA0642E}.Debug|Any CPU.Build.0 = Debug|Any CPU
		{7D1B22FA-FE63-43F3-B63C-F8C7BEA0642E}.Release|Any CPU.ActiveCfg = Release|Any CPU
		{7D1B22FA-FE63-43F3-B63C-F8C7BEA0642E}.Release|Any CPU.Build.0 = Release|Any CPU
		{2198D663-0C88-47FB-801C-1BBC6BD6085D}.Debug|Any CPU.ActiveCfg = Debug|Any CPU
		{2198D663-0C88-47FB-801C-1BBC6BD6085D}.Debug|Any CPU.Build.0 = Debug|Any CPU
		{2198D663-0C88-47FB-801C-1BBC6BD6085D}.Release|Any CPU.ActiveCfg = Release|Any CPU
		{2198D663-0C88-47FB-801C-1BBC6BD6085D}.Release|Any CPU.Build.0 = Release|Any CPU
		{2F3B9547-F1BC-4ED9-881B-BDF5D846B7EB}.Debug|Any CPU.ActiveCfg = Debug|Any CPU
		{2F3B9547-F1BC-4ED9-881B-BDF5D846B7EB}.Debug|Any CPU.Build.0 = Debug|Any CPU
		{2F3B9547-F1BC-4ED9-881B-BDF5D846B7EB}.Release|Any CPU.ActiveCfg = Release|Any CPU
		{2F3B9547-F1BC-4ED9-881B-BDF5D846B7EB}.Release|Any CPU.Build.0 = Release|Any CPU
		{9BF6031D-93BF-4801-965F-4B0A5ED94014}.Debug|Any CPU.ActiveCfg = Debug|Any CPU
		{9BF6031D-93BF-4801-965F-4B0A5ED94014}.Debug|Any CPU.Build.0 = Debug|Any CPU
		{9BF6031D-93BF-4801-965F-4B0A5ED94014}.Release|Any CPU.ActiveCfg = Release|Any CPU
		{9BF6031D-93BF-4801-965F-4B0A5ED94014}.Release|Any CPU.Build.0 = Release|Any CPU
		{850D327D-0A6E-4217-957F-F6AEEDECDB8B}.Debug|Any CPU.ActiveCfg = Debug|Any CPU
		{850D327D-0A6E-4217-957F-F6AEEDECDB8B}.Debug|Any CPU.Build.0 = Debug|Any CPU
		{850D327D-0A6E-4217-957F-F6AEEDECDB8B}.Release|Any CPU.ActiveCfg = Release|Any CPU
		{850D327D-0A6E-4217-957F-F6AEEDECDB8B}.Release|Any CPU.Build.0 = Release|Any CPU
		{FE967A34-6921-451D-8C70-C8E8CC8D8FA5}.Debug|Any CPU.ActiveCfg = Debug|Any CPU
		{FE967A34-6921-451D-8C70-C8E8CC8D8FA5}.Debug|Any CPU.Build.0 = Debug|Any CPU
		{FE967A34-6921-451D-8C70-C8E8CC8D8FA5}.Release|Any CPU.ActiveCfg = Release|Any CPU
		{FE967A34-6921-451D-8C70-C8E8CC8D8FA5}.Release|Any CPU.Build.0 = Release|Any CPU
		{1108B956-2152-4812-A2D4-2502BDA797EB}.Debug|Any CPU.ActiveCfg = Debug|Any CPU
		{1108B956-2152-4812-A2D4-2502BDA797EB}.Debug|Any CPU.Build.0 = Debug|Any CPU
		{1108B956-2152-4812-A2D4-2502BDA797EB}.Release|Any CPU.ActiveCfg = Release|Any CPU
		{1108B956-2152-4812-A2D4-2502BDA797EB}.Release|Any CPU.Build.0 = Release|Any CPU
	EndGlobalSection
	GlobalSection(SolutionProperties) = preSolution
		HideSolutionNode = FALSE
	EndGlobalSection
	GlobalSection(NestedProjects) = preSolution
		{AB96609A-9487-40E1-BB80-653A8E856DFB} = {20D06291-4318-4C10-B0DD-4405976BE505}
		{2A1A593A-5C4D-47E1-8287-3DC6FC232C45} = {20D06291-4318-4C10-B0DD-4405976BE505}
		{0AEB2FD6-7BB6-484C-A6BC-4A8C7824DFAD} = {D1DEBE82-37D3-45C6-ABD9-2D5FA3168880}
		{7D1B22FA-FE63-43F3-B63C-F8C7BEA0642E} = {D1DEBE82-37D3-45C6-ABD9-2D5FA3168880}
		{2198D663-0C88-47FB-801C-1BBC6BD6085D} = {D1DEBE82-37D3-45C6-ABD9-2D5FA3168880}
		{743F5167-45CD-40B1-8E2A-3F12E3118B5C} = {D1DEBE82-37D3-45C6-ABD9-2D5FA3168880}
		{2F3B9547-F1BC-4ED9-881B-BDF5D846B7EB} = {20D06291-4318-4C10-B0DD-4405976BE505}
		{9BF6031D-93BF-4801-965F-4B0A5ED94014} = {20D06291-4318-4C10-B0DD-4405976BE505}
		{850D327D-0A6E-4217-957F-F6AEEDECDB8B} = {CE6D5A81-1ACC-4CB3-821E-37473EA16C1A}
		{FE967A34-6921-451D-8C70-C8E8CC8D8FA5} = {CF6A75A2-992B-4671-93CF-1BD09485A863}
		{1108B956-2152-4812-A2D4-2502BDA797EB} = {56178A4F-6C48-4E14-85AE-89A43B648A88}
	EndGlobalSection
	GlobalSection(ExtensibilityGlobals) = postSolution
		SolutionGuid = {54B688B2-DE83-4D9C-90EF-3FC7DDFDF9FB}
	EndGlobalSection
EndGlobal
