
Microsoft Visual Studio Solution File, Format Version 12.00
# Visual Studio 15
VisualStudioVersion = 15.0.27703.2035
MinimumVisualStudioVersion = 10.0.40219.1
Project("{2150E333-8FDC-42A3-9474-1A3956D46DE8}") = "Core", "Core", "{20D06291-4318-4C10-B0DD-4405976BE505}"
EndProject
Project("{2150E333-8FDC-42A3-9474-1A3956D46DE8}") = "Service", "Service", "{D1DEBE82-37D3-45C6-ABD9-2D5FA3168880}"
EndProject
Project("{9A19103F-16F7-4668-BE54-9A1E7A4F7556}") = "WD.Common", "WD.Common\WD.Common.csproj", "{0AEB2FD6-7BB6-484C-A6BC-4A8C7824DFAD}"
EndProject
Project("{9A19103F-16F7-4668-BE54-9A1E7A4F7556}") = "WD.SQL", "WD.SQL\WD.SQL.csproj", "{7D1B22FA-FE63-43F3-B63C-F8C7BEA0642E}"
EndProject
Project("{9A19103F-16F7-4668-BE54-9A1E7A4F7556}") = "WD.API", "WD.API\WD.API.csproj", "{2198D663-0C88-47FB-801C-1BBC6BD6085D}"
EndProject
Project("{2150E333-8FDC-42A3-9474-1A3956D46DE8}") = "WD.Watch", "WD.Watch", "{743F5167-45CD-40B1-8E2A-3F12E3118B5C}"
EndProject
Project("{9A19103F-16F7-4668-BE54-9A1E7A4F7556}") = "Zeus", "Zeus\Zeus.csproj", "{9BF6031D-93BF-4801-965F-4B0A5ED94014}"
EndProject
Project("{2150E333-8FDC-42A3-9474-1A3956D46DE8}") = "MassTransit", "MassTransit", "{9316909A-F8CC-4CB6-82DD-B02D1A8865E9}"
EndProject
Project("{2150E333-8FDC-42A3-9474-1A3956D46DE8}") = "AppMetrics", "AppMetrics", "{CE6D5A81-1ACC-4CB3-821E-37473EA16C1A}"
EndProject
Project("{9A19103F-16F7-4668-BE54-9A1E7A4F7556}") = "AppMetricsTest", "AppMetricsTest\AppMetricsTest.csproj", "{850D327D-0A6E-4217-957F-F6AEEDECDB8B}"
EndProject
Project("{2150E333-8FDC-42A3-9474-1A3956D46DE8}") = "Redis", "Redis", "{DD15069E-AE87-47A0-86DF-0A4A0056E90A}"
EndProject
Project("{2150E333-8FDC-42A3-9474-1A3956D46DE8}") = "Privilege", "Privilege", "{56178A4F-6C48-4E14-85AE-89A43B648A88}"
EndProject
Project("{2150E333-8FDC-42A3-9474-1A3956D46DE8}") = "Dapper.Dotnet", "Dapper.Dotnet", "{CF6A75A2-992B-4671-93CF-1BD09485A863}"
EndProject
Project("{9A19103F-16F7-4668-BE54-9A1E7A4F7556}") = "DapperForDotnet", "DapperForDotnet\DapperForDotnet.csproj", "{FE967A34-6921-451D-8C70-C8E8CC8D8FA5}"
EndProject
Project("{9A19103F-16F7-4668-BE54-9A1E7A4F7556}") = "PrivilegeManagement", "PrivilegeManagement\PrivilegeManagement.csproj", "{1108B956-2152-4812-A2D4-2502BDA797EB}"
EndProject
Project("{9A19103F-16F7-4668-BE54-9A1E7A4F7556}") = "MyDapper", "MyDapper\MyDapper.csproj", "{49CDF5AF-7B50-4CC5-BB29-6EA02597F116}"
EndProject
Project("{2150E333-8FDC-42A3-9474-1A3956D46DE8}") = "DotNetCore.MiddleWare", "DotNetCore.MiddleWare", "{385B8700-8873-4659-AE98-335D735ABE18}"
EndProject
Project("{9A19103F-16F7-4668-BE54-9A1E7A4F7556}") = "MiddleWareStudy", "MiddleWareStudy\MiddleWareStudy.csproj", "{B495314B-EF30-4453-9DB0-9580181BD1BA}"
EndProject
Project("{2150E333-8FDC-42A3-9474-1A3956D46DE8}") = "Core.Test", "Core.Test", "{F3EED48F-5B4C-433A-AC5A-DF8DF00A1309}"
EndProject
Project("{9A19103F-16F7-4668-BE54-9A1E7A4F7556}") = "MyDapper.Test", "MyDapper.Test\MyDapper.Test.csproj", "{18ADCDD7-675A-4AE2-B346-B0816101E5AA}"
EndProject
Project("{2150E333-8FDC-42A3-9474-1A3956D46DE8}") = "Loop", "Loop", "{F4FE3518-92B6-41B7-ACEE-B1B39F96EED4}"
EndProject
Project("{9A19103F-16F7-4668-BE54-9A1E7A4F7556}") = "GetOrdercodeLoop", "GetOrdercodeLoop\GetOrdercodeLoop.csproj", "{D05CDC88-3247-42B9-943E-DAF8596775F8}"
EndProject
Project("{2150E333-8FDC-42A3-9474-1A3956D46DE8}") = "IdentityServer4", "IdentityServer4", "{A8F84402-90E6-42FF-BDBE-0A2E4671A8FE}"
EndProject
Project("{9A19103F-16F7-4668-BE54-9A1E7A4F7556}") = "QuickstartIdentityServer", "QuickstartIdentityServer\QuickstartIdentityServer.csproj", "{37F889DA-F34C-41A4-A5BA-D7B27462FBA5}"
EndProject
Project("{9A19103F-16F7-4668-BE54-9A1E7A4F7556}") = "Api", "Api\Api.csproj", "{C16EA4BC-6313-43A4-B807-40C8196946E4}"
EndProject
Project("{9A19103F-16F7-4668-BE54-9A1E7A4F7556}") = "Client", "Client\Client.csproj", "{E692504B-3007-4B0D-9F4D-661F9D990F91}"
EndProject
Project("{9A19103F-16F7-4668-BE54-9A1E7A4F7556}") = "Api2", "Api2\Api2.csproj", "{4C8F1C59-736A-4227-8A52-A222252982E6}"
EndProject
Project("{9A19103F-16F7-4668-BE54-9A1E7A4F7556}") = "Api3", "Api3\Api3.csproj", "{F95F40CB-A8ED-4DDB-BE9B-247BBE5A5A3B}"
EndProject
Project("{2150E333-8FDC-42A3-9474-1A3956D46DE8}") = "VerifyCode", "VerifyCode", "{3322C124-CA8D-420E-A288-B3D5571C3BE8}"
EndProject
Project("{9A19103F-16F7-4668-BE54-9A1E7A4F7556}") = "VerifyCodeTest", "VerifyCodeTest\VerifyCodeTest.csproj", "{10C07B6E-6F18-467C-8EB8-81D7BFD03DFA}"
EndProject
Project("{9A19103F-16F7-4668-BE54-9A1E7A4F7556}") = "RedisLibrary", "RedisLibrary\RedisLibrary.csproj", "{1E9B5C13-9220-4162-8926-059F5E93431D}"
EndProject
Project("{9A19103F-16F7-4668-BE54-9A1E7A4F7556}") = "RedisLibraryTest", "RedisLibraryTest\RedisLibraryTest.csproj", "{92121655-F332-4F21-8FA7-9F7FB60C8BA5}"
EndProject
Project("{2150E333-8FDC-42A3-9474-1A3956D46DE8}") = "OrderMall", "OrderMall", "{EAF9B65E-C319-42B7-9377-777814FDBDBD}"
EndProject
Project("{FAE04EC0-301F-11D3-BF4B-00C04F79EFBC}") = "Itcast.Mall", "Itcast.Mall\Itcast.Mall.csproj", "{83968DF0-F587-4584-945B-857680CF692D}"
EndProject
Global
	GlobalSection(SolutionConfigurationPlatforms) = preSolution
		Debug|Any CPU = Debug|Any CPU
		Release|Any CPU = Release|Any CPU
	EndGlobalSection
	GlobalSection(ProjectConfigurationPlatforms) = postSolution
		{0AEB2FD6-7BB6-484C-A6BC-4A8C7824DFAD}.Debug|Any CPU.ActiveCfg = Debug|Any CPU
		{0AEB2FD6-7BB6-484C-A6BC-4A8C7824DFAD}.Debug|Any CPU.Build.0 = Debug|Any CPU
		{0AEB2FD6-7BB6-484C-A6BC-4A8C7824DFAD}.Release|Any CPU.ActiveCfg = Release|Any CPU
		{0AEB2FD6-7BB6-484C-A6BC-4A8C7824DFAD}.Release|Any CPU.Build.0 = Release|Any CPU
		{7D1B22FA-FE63-43F3-B63C-F8C7BEA0642E}.Debug|Any CPU.ActiveCfg = Debug|Any CPU
		{7D1B22FA-FE63-43F3-B63C-F8C7BEA0642E}.Debug|Any CPU.Build.0 = Debug|Any CPU
		{7D1B22FA-FE63-43F3-B63C-F8C7BEA0642E}.Release|Any CPU.ActiveCfg = Release|Any CPU
		{7D1B22FA-FE63-43F3-B63C-F8C7BEA0642E}.Release|Any CPU.Build.0 = Release|Any CPU
		{2198D663-0C88-47FB-801C-1BBC6BD6085D}.Debug|Any CPU.ActiveCfg = Debug|Any CPU
		{2198D663-0C88-47FB-801C-1BBC6BD6085D}.Debug|Any CPU.Build.0 = Debug|Any CPU
		{2198D663-0C88-47FB-801C-1BBC6BD6085D}.Release|Any CPU.ActiveCfg = Release|Any CPU
		{2198D663-0C88-47FB-801C-1BBC6BD6085D}.Release|Any CPU.Build.0 = Release|Any CPU
		{9BF6031D-93BF-4801-965F-4B0A5ED94014}.Debug|Any CPU.ActiveCfg = Debug|Any CPU
		{9BF6031D-93BF-4801-965F-4B0A5ED94014}.Debug|Any CPU.Build.0 = Debug|Any CPU
		{9BF6031D-93BF-4801-965F-4B0A5ED94014}.Release|Any CPU.ActiveCfg = Release|Any CPU
		{9BF6031D-93BF-4801-965F-4B0A5ED94014}.Release|Any CPU.Build.0 = Release|Any CPU
		{850D327D-0A6E-4217-957F-F6AEEDECDB8B}.Debug|Any CPU.ActiveCfg = Debug|Any CPU
		{850D327D-0A6E-4217-957F-F6AEEDECDB8B}.Debug|Any CPU.Build.0 = Debug|Any CPU
		{850D327D-0A6E-4217-957F-F6AEEDECDB8B}.Release|Any CPU.ActiveCfg = Release|Any CPU
		{850D327D-0A6E-4217-957F-F6AEEDECDB8B}.Release|Any CPU.Build.0 = Release|Any CPU
		{FE967A34-6921-451D-8C70-C8E8CC8D8FA5}.Debug|Any CPU.ActiveCfg = Debug|Any CPU
		{FE967A34-6921-451D-8C70-C8E8CC8D8FA5}.Debug|Any CPU.Build.0 = Debug|Any CPU
		{FE967A34-6921-451D-8C70-C8E8CC8D8FA5}.Release|Any CPU.ActiveCfg = Release|Any CPU
		{FE967A34-6921-451D-8C70-C8E8CC8D8FA5}.Release|Any CPU.Build.0 = Release|Any CPU
		{1108B956-2152-4812-A2D4-2502BDA797EB}.Debug|Any CPU.ActiveCfg = Debug|Any CPU
		{1108B956-2152-4812-A2D4-2502BDA797EB}.Debug|Any CPU.Build.0 = Debug|Any CPU
		{1108B956-2152-4812-A2D4-2502BDA797EB}.Release|Any CPU.ActiveCfg = Release|Any CPU
		{1108B956-2152-4812-A2D4-2502BDA797EB}.Release|Any CPU.Build.0 = Release|Any CPU
		{49CDF5AF-7B50-4CC5-BB29-6EA02597F116}.Debug|Any CPU.ActiveCfg = Debug|Any CPU
		{49CDF5AF-7B50-4CC5-BB29-6EA02597F116}.Debug|Any CPU.Build.0 = Debug|Any CPU
		{49CDF5AF-7B50-4CC5-BB29-6EA02597F116}.Release|Any CPU.ActiveCfg = Release|Any CPU
		{49CDF5AF-7B50-4CC5-BB29-6EA02597F116}.Release|Any CPU.Build.0 = Release|Any CPU
		{B495314B-EF30-4453-9DB0-9580181BD1BA}.Debug|Any CPU.ActiveCfg = Debug|Any CPU
		{B495314B-EF30-4453-9DB0-9580181BD1BA}.Debug|Any CPU.Build.0 = Debug|Any CPU
		{B495314B-EF30-4453-9DB0-9580181BD1BA}.Release|Any CPU.ActiveCfg = Release|Any CPU
		{B495314B-EF30-4453-9DB0-9580181BD1BA}.Release|Any CPU.Build.0 = Release|Any CPU
		{18ADCDD7-675A-4AE2-B346-B0816101E5AA}.Debug|Any CPU.ActiveCfg = Debug|Any CPU
		{18ADCDD7-675A-4AE2-B346-B0816101E5AA}.Debug|Any CPU.Build.0 = Debug|Any CPU
		{18ADCDD7-675A-4AE2-B346-B0816101E5AA}.Release|Any CPU.ActiveCfg = Release|Any CPU
		{18ADCDD7-675A-4AE2-B346-B0816101E5AA}.Release|Any CPU.Build.0 = Release|Any CPU
		{D05CDC88-3247-42B9-943E-DAF8596775F8}.Debug|Any CPU.ActiveCfg = Debug|Any CPU
		{D05CDC88-3247-42B9-943E-DAF8596775F8}.Debug|Any CPU.Build.0 = Debug|Any CPU
		{D05CDC88-3247-42B9-943E-DAF8596775F8}.Release|Any CPU.ActiveCfg = Release|Any CPU
		{D05CDC88-3247-42B9-943E-DAF8596775F8}.Release|Any CPU.Build.0 = Release|Any CPU
		{37F889DA-F34C-41A4-A5BA-D7B27462FBA5}.Debug|Any CPU.ActiveCfg = Debug|Any CPU
		{37F889DA-F34C-41A4-A5BA-D7B27462FBA5}.Debug|Any CPU.Build.0 = Debug|Any CPU
		{37F889DA-F34C-41A4-A5BA-D7B27462FBA5}.Release|Any CPU.ActiveCfg = Release|Any CPU
		{37F889DA-F34C-41A4-A5BA-D7B27462FBA5}.Release|Any CPU.Build.0 = Release|Any CPU
		{C16EA4BC-6313-43A4-B807-40C8196946E4}.Debug|Any CPU.ActiveCfg = Debug|Any CPU
		{C16EA4BC-6313-43A4-B807-40C8196946E4}.Debug|Any CPU.Build.0 = Debug|Any CPU
		{C16EA4BC-6313-43A4-B807-40C8196946E4}.Release|Any CPU.ActiveCfg = Release|Any CPU
		{C16EA4BC-6313-43A4-B807-40C8196946E4}.Release|Any CPU.Build.0 = Release|Any CPU
		{E692504B-3007-4B0D-9F4D-661F9D990F91}.Debug|Any CPU.ActiveCfg = Debug|Any CPU
		{E692504B-3007-4B0D-9F4D-661F9D990F91}.Debug|Any CPU.Build.0 = Debug|Any CPU
		{E692504B-3007-4B0D-9F4D-661F9D990F91}.Release|Any CPU.ActiveCfg = Release|Any CPU
		{E692504B-3007-4B0D-9F4D-661F9D990F91}.Release|Any CPU.Build.0 = Release|Any CPU
		{4C8F1C59-736A-4227-8A52-A222252982E6}.Debug|Any CPU.ActiveCfg = Debug|Any CPU
		{4C8F1C59-736A-4227-8A52-A222252982E6}.Debug|Any CPU.Build.0 = Debug|Any CPU
		{4C8F1C59-736A-4227-8A52-A222252982E6}.Release|Any CPU.ActiveCfg = Release|Any CPU
		{4C8F1C59-736A-4227-8A52-A222252982E6}.Release|Any CPU.Build.0 = Release|Any CPU
		{F95F40CB-A8ED-4DDB-BE9B-247BBE5A5A3B}.Debug|Any CPU.ActiveCfg = Debug|Any CPU
		{F95F40CB-A8ED-4DDB-BE9B-247BBE5A5A3B}.Debug|Any CPU.Build.0 = Debug|Any CPU
		{F95F40CB-A8ED-4DDB-BE9B-247BBE5A5A3B}.Release|Any CPU.ActiveCfg = Release|Any CPU
		{F95F40CB-A8ED-4DDB-BE9B-247BBE5A5A3B}.Release|Any CPU.Build.0 = Release|Any CPU
		{10C07B6E-6F18-467C-8EB8-81D7BFD03DFA}.Debug|Any CPU.ActiveCfg = Debug|Any CPU
		{10C07B6E-6F18-467C-8EB8-81D7BFD03DFA}.Debug|Any CPU.Build.0 = Debug|Any CPU
		{10C07B6E-6F18-467C-8EB8-81D7BFD03DFA}.Release|Any CPU.ActiveCfg = Release|Any CPU
		{10C07B6E-6F18-467C-8EB8-81D7BFD03DFA}.Release|Any CPU.Build.0 = Release|Any CPU
		{1E9B5C13-9220-4162-8926-059F5E93431D}.Debug|Any CPU.ActiveCfg = Debug|Any CPU
		{1E9B5C13-9220-4162-8926-059F5E93431D}.Debug|Any CPU.Build.0 = Debug|Any CPU
		{1E9B5C13-9220-4162-8926-059F5E93431D}.Release|Any CPU.ActiveCfg = Release|Any CPU
		{1E9B5C13-9220-4162-8926-059F5E93431D}.Release|Any CPU.Build.0 = Release|Any CPU
		{92121655-F332-4F21-8FA7-9F7FB60C8BA5}.Debug|Any CPU.ActiveCfg = Debug|Any CPU
		{92121655-F332-4F21-8FA7-9F7FB60C8BA5}.Debug|Any CPU.Build.0 = Debug|Any CPU
		{92121655-F332-4F21-8FA7-9F7FB60C8BA5}.Release|Any CPU.ActiveCfg = Release|Any CPU
		{92121655-F332-4F21-8FA7-9F7FB60C8BA5}.Release|Any CPU.Build.0 = Release|Any CPU
		{83968DF0-F587-4584-945B-857680CF692D}.Debug|Any CPU.ActiveCfg = Debug|Any CPU
		{83968DF0-F587-4584-945B-857680CF692D}.Debug|Any CPU.Build.0 = Debug|Any CPU
		{83968DF0-F587-4584-945B-857680CF692D}.Release|Any CPU.ActiveCfg = Release|Any CPU
		{83968DF0-F587-4584-945B-857680CF692D}.Release|Any CPU.Build.0 = Release|Any CPU
	EndGlobalSection
	GlobalSection(SolutionProperties) = preSolution
		HideSolutionNode = FALSE
	EndGlobalSection
	GlobalSection(NestedProjects) = preSolution
		{0AEB2FD6-7BB6-484C-A6BC-4A8C7824DFAD} = {D1DEBE82-37D3-45C6-ABD9-2D5FA3168880}
		{7D1B22FA-FE63-43F3-B63C-F8C7BEA0642E} = {D1DEBE82-37D3-45C6-ABD9-2D5FA3168880}
		{2198D663-0C88-47FB-801C-1BBC6BD6085D} = {D1DEBE82-37D3-45C6-ABD9-2D5FA3168880}
		{743F5167-45CD-40B1-8E2A-3F12E3118B5C} = {D1DEBE82-37D3-45C6-ABD9-2D5FA3168880}
		{9BF6031D-93BF-4801-965F-4B0A5ED94014} = {20D06291-4318-4C10-B0DD-4405976BE505}
		{850D327D-0A6E-4217-957F-F6AEEDECDB8B} = {CE6D5A81-1ACC-4CB3-821E-37473EA16C1A}
		{FE967A34-6921-451D-8C70-C8E8CC8D8FA5} = {CF6A75A2-992B-4671-93CF-1BD09485A863}
		{1108B956-2152-4812-A2D4-2502BDA797EB} = {56178A4F-6C48-4E14-85AE-89A43B648A88}
		{49CDF5AF-7B50-4CC5-BB29-6EA02597F116} = {20D06291-4318-4C10-B0DD-4405976BE505}
		{B495314B-EF30-4453-9DB0-9580181BD1BA} = {385B8700-8873-4659-AE98-335D735ABE18}
		{F3EED48F-5B4C-433A-AC5A-DF8DF00A1309} = {20D06291-4318-4C10-B0DD-4405976BE505}
		{18ADCDD7-675A-4AE2-B346-B0816101E5AA} = {F3EED48F-5B4C-433A-AC5A-DF8DF00A1309}
		{D05CDC88-3247-42B9-943E-DAF8596775F8} = {F4FE3518-92B6-41B7-ACEE-B1B39F96EED4}
		{37F889DA-F34C-41A4-A5BA-D7B27462FBA5} = {A8F84402-90E6-42FF-BDBE-0A2E4671A8FE}
		{C16EA4BC-6313-43A4-B807-40C8196946E4} = {A8F84402-90E6-42FF-BDBE-0A2E4671A8FE}
		{E692504B-3007-4B0D-9F4D-661F9D990F91} = {A8F84402-90E6-42FF-BDBE-0A2E4671A8FE}
		{4C8F1C59-736A-4227-8A52-A222252982E6} = {A8F84402-90E6-42FF-BDBE-0A2E4671A8FE}
		{F95F40CB-A8ED-4DDB-BE9B-247BBE5A5A3B} = {A8F84402-90E6-42FF-BDBE-0A2E4671A8FE}
		{10C07B6E-6F18-467C-8EB8-81D7BFD03DFA} = {3322C124-CA8D-420E-A288-B3D5571C3BE8}
		{1E9B5C13-9220-4162-8926-059F5E93431D} = {DD15069E-AE87-47A0-86DF-0A4A0056E90A}
		{92121655-F332-4F21-8FA7-9F7FB60C8BA5} = {DD15069E-AE87-47A0-86DF-0A4A0056E90A}
		{83968DF0-F587-4584-945B-857680CF692D} = {EAF9B65E-C319-42B7-9377-777814FDBDBD}
	EndGlobalSection
	GlobalSection(ExtensibilityGlobals) = postSolution
		SolutionGuid = {54B688B2-DE83-4D9C-90EF-3FC7DDFDF9FB}
	EndGlobalSection
EndGlobal
